
Microsoft Visual Studio Solution File, Format Version 12.00
# Visual Studio Version 17
VisualStudioVersion = 17.13.35913.81 d17.13
MinimumVisualStudioVersion = 10.0.40219.1
Project("{FAE04EC0-301F-11D3-BF4B-00C04F79EFBC}") = "ConsoleApp7", "ConsoleApp7\ConsoleApp7.csproj", "{73AA4193-DBB1-47B2-9E34-1FC6C7B2DDAB}"
EndProject
Global
	GlobalSection(SolutionConfigurationPlatforms) = preSolution
		Debug|Any CPU = Debug|Any CPU
		Release|Any CPU = Release|Any CPU
	EndGlobalSection
	GlobalSection(ProjectConfigurationPlatforms) = postSolution
		{73AA4193-DBB1-47B2-9E34-1FC6C7B2DDAB}.Debug|Any CPU.ActiveCfg = Debug|Any CPU
		{73AA4193-DBB1-47B2-9E34-1FC6C7B2DDAB}.Debug|Any CPU.Build.0 = Debug|Any CPU
		{73AA4193-DBB1-47B2-9E34-1FC6C7B2DDAB}.Release|Any CPU.ActiveCfg = Release|Any CPU
		{73AA4193-DBB1-47B2-9E34-1FC6C7B2DDAB}.Release|Any CPU.Build.0 = Release|Any CPU
	EndGlobalSection
	GlobalSection(SolutionProperties) = preSolution
		HideSolutionNode = FALSE
	EndGlobalSection
	GlobalSection(ExtensibilityGlobals) = postSolution
		SolutionGuid = {87E65E57-EB9A-4231-BA85-8C5AF728BDD3}
	EndGlobalSection
EndGlobal
